
Microsoft Visual Studio Solution File, Format Version 12.00
# Visual Studio 14
VisualStudioVersion = 14.0.25420.1
MinimumVisualStudioVersion = 10.0.40219.1
Project("{FAE04EC0-301F-11D3-BF4B-00C04F79EFBC}") = "WsDireccionamientoMiPres", "WsDireccionamientoMiPres\WsDireccionamientoMiPres.csproj", "{87E6FD2D-1CD3-484C-ABA6-1C5E8A03BE83}"
EndProject
Project("{FAE04EC0-301F-11D3-BF4B-00C04F79EFBC}") = "WsDireccionamientoMiPresClass", "WsDireccionamientoMiPresClass\WsDireccionamientoMiPresClass.csproj", "{63121FE2-6BD6-469F-B9F4-F62EC1774E07}"
EndProject
Project("{54435603-DBB4-11D2-8724-00A0C9A8B90C}") = "WsDireccionamientoMiPresInstaller", "WsDireccionamientoMiPresInstaller\WsDireccionamientoMiPresInstaller.vdproj", "{1535116B-24F4-4232-B6AA-A3A175818ED3}"
EndProject
Global
	GlobalSection(SolutionConfigurationPlatforms) = preSolution
		Debug|Any CPU = Debug|Any CPU
		Release|Any CPU = Release|Any CPU
	EndGlobalSection
	GlobalSection(ProjectConfigurationPlatforms) = postSolution
		{87E6FD2D-1CD3-484C-ABA6-1C5E8A03BE83}.Debug|Any CPU.ActiveCfg = Debug|Any CPU
		{87E6FD2D-1CD3-484C-ABA6-1C5E8A03BE83}.Debug|Any CPU.Build.0 = Debug|Any CPU
		{87E6FD2D-1CD3-484C-ABA6-1C5E8A03BE83}.Release|Any CPU.ActiveCfg = Release|Any CPU
		{87E6FD2D-1CD3-484C-ABA6-1C5E8A03BE83}.Release|Any CPU.Build.0 = Release|Any CPU
		{63121FE2-6BD6-469F-B9F4-F62EC1774E07}.Debug|Any CPU.ActiveCfg = Debug|Any CPU
		{63121FE2-6BD6-469F-B9F4-F62EC1774E07}.Debug|Any CPU.Build.0 = Debug|Any CPU
		{63121FE2-6BD6-469F-B9F4-F62EC1774E07}.Release|Any CPU.ActiveCfg = Release|Any CPU
		{63121FE2-6BD6-469F-B9F4-F62EC1774E07}.Release|Any CPU.Build.0 = Release|Any CPU
		{1535116B-24F4-4232-B6AA-A3A175818ED3}.Debug|Any CPU.ActiveCfg = Debug
		{1535116B-24F4-4232-B6AA-A3A175818ED3}.Release|Any CPU.ActiveCfg = Release
	EndGlobalSection
	GlobalSection(SolutionProperties) = preSolution
		HideSolutionNode = FALSE
	EndGlobalSection
EndGlobal
